
Microsoft Visual Studio Solution File, Format Version 12.00
# Visual Studio Version 16
VisualStudioVersion = 16.0.30011.22
MinimumVisualStudioVersion = 10.0.40219.1
Project("{FAE04EC0-301F-11D3-BF4B-00C04F79EFBC}") = "Sol_Demo", "Sol_Demo\Sol_Demo.csproj", "{A2B7BF51-402E-41A3-AD34-5968B18F9960}"
EndProject
Global
	GlobalSection(SolutionConfigurationPlatforms) = preSolution
		Debug|Any CPU = Debug|Any CPU
		Release|Any CPU = Release|Any CPU
	EndGlobalSection
	GlobalSection(ProjectConfigurationPlatforms) = postSolution
		{A2B7BF51-402E-41A3-AD34-5968B18F9960}.Debug|Any CPU.ActiveCfg = Debug|Any CPU
		{A2B7BF51-402E-41A3-AD34-5968B18F9960}.Debug|Any CPU.Build.0 = Debug|Any CPU
		{A2B7BF51-402E-41A3-AD34-5968B18F9960}.Release|Any CPU.ActiveCfg = Release|Any CPU
		{A2B7BF51-402E-41A3-AD34-5968B18F9960}.Release|Any CPU.Build.0 = Release|Any CPU
	EndGlobalSection
	GlobalSection(SolutionProperties) = preSolution
		HideSolutionNode = FALSE
	EndGlobalSection
	GlobalSection(ExtensibilityGlobals) = postSolution
		SolutionGuid = {4671C30F-51B8-470A-829E-81E40F957F20}
	EndGlobalSection
EndGlobal
